// !$*UTF8*$!
{
	archiveVersion = 1;
	classes = {
	};
	objectVersion = 48;
	objects = {

/* Begin PBXBuildFile section */
		652755A22098F13600D31340 /* MatchEvent.swift in Sources */ = {isa = PBXBuildFile; fileRef = 652755A12098F13600D31340 /* MatchEvent.swift */; };
		653B72E2209A94E10054D0C8 /* TeamDetailViewController.swift in Sources */ = {isa = PBXBuildFile; fileRef = 653B72E1209A94E10054D0C8 /* TeamDetailViewController.swift */; };
		653B72E4209A96E90054D0C8 /* TeamDetailTableCell.swift in Sources */ = {isa = PBXBuildFile; fileRef = 653B72E3209A96E90054D0C8 /* TeamDetailTableCell.swift */; };
		65838CBB2096202F00A9BB09 /* AppDelegate.swift in Sources */ = {isa = PBXBuildFile; fileRef = 65838CBA2096202F00A9BB09 /* AppDelegate.swift */; };
		65838CC02096202F00A9BB09 /* Main.storyboard in Resources */ = {isa = PBXBuildFile; fileRef = 65838CBE2096202F00A9BB09 /* Main.storyboard */; };
		65838CC22096202F00A9BB09 /* Assets.xcassets in Resources */ = {isa = PBXBuildFile; fileRef = 65838CC12096202F00A9BB09 /* Assets.xcassets */; };
		65838CC52096202F00A9BB09 /* LaunchScreen.storyboard in Resources */ = {isa = PBXBuildFile; fileRef = 65838CC32096202F00A9BB09 /* LaunchScreen.storyboard */; };
		65838CCF209629CC00A9BB09 /* MatchTableViewCell.swift in Sources */ = {isa = PBXBuildFile; fileRef = 65838CCE209629CC00A9BB09 /* MatchTableViewCell.swift */; };
		65838CD120962A5600A9BB09 /* MainViewController.swift in Sources */ = {isa = PBXBuildFile; fileRef = 65838CD020962A5600A9BB09 /* MainViewController.swift */; };
		65EE137620967D3400EE72C8 /* MatchDetailViewController.swift in Sources */ = {isa = PBXBuildFile; fileRef = 65EE137520967D3400EE72C8 /* MatchDetailViewController.swift */; };
		65EE137A2096904800EE72C8 /* MatchDetailTableCell.swift in Sources */ = {isa = PBXBuildFile; fileRef = 65EE13792096904800EE72C8 /* MatchDetailTableCell.swift */; };
		65EE137D2097B4D000EE72C8 /* Team.swift in Sources */ = {isa = PBXBuildFile; fileRef = 65EE137C2097B4D000EE72C8 /* Team.swift */; };
		65EE137F2098AAF300EE72C8 /* Stadium.swift in Sources */ = {isa = PBXBuildFile; fileRef = 65EE137E2098AAF300EE72C8 /* Stadium.swift */; };
		65EE13812098AC4A00EE72C8 /* Match.swift in Sources */ = {isa = PBXBuildFile; fileRef = 65EE13802098AC4A00EE72C8 /* Match.swift */; };
		65EE13832098AE4200EE72C8 /* HttpClient.swift in Sources */ = {isa = PBXBuildFile; fileRef = 65EE13822098AE4200EE72C8 /* HttpClient.swift */; };
		65EE13852098AF4400EE72C8 /* DataManager.swift in Sources */ = {isa = PBXBuildFile; fileRef = 65EE13842098AF4400EE72C8 /* DataManager.swift */; };
		65F92D59209BC3480089993E /* Player.swift in Sources */ = {isa = PBXBuildFile; fileRef = 65F92D58209BC3480089993E /* Player.swift */; };
		65F92D5D209BD4E70089993E /* NextMatchCollectionViewCell.swift in Sources */ = {isa = PBXBuildFile; fileRef = 65F92D5C209BD4E70089993E /* NextMatchCollectionViewCell.swift */; };
		65F92D5F209BDE910089993E /* NextMatch.swift in Sources */ = {isa = PBXBuildFile; fileRef = 65F92D5E209BDE910089993E /* NextMatch.swift */; };
/* End PBXBuildFile section */

/* Begin PBXFileReference section */
		652755A12098F13600D31340 /* MatchEvent.swift */ = {isa = PBXFileReference; lastKnownFileType = sourcecode.swift; path = MatchEvent.swift; sourceTree = "<group>"; };
		653B72E1209A94E10054D0C8 /* TeamDetailViewController.swift */ = {isa = PBXFileReference; lastKnownFileType = sourcecode.swift; path = TeamDetailViewController.swift; sourceTree = "<group>"; };
		653B72E3209A96E90054D0C8 /* TeamDetailTableCell.swift */ = {isa = PBXFileReference; lastKnownFileType = sourcecode.swift; path = TeamDetailTableCell.swift; sourceTree = "<group>"; };
		65838CB72096202F00A9BB09 /* Obligatorio1.app */ = {isa = PBXFileReference; explicitFileType = wrapper.application; includeInIndex = 0; path = Obligatorio1.app; sourceTree = BUILT_PRODUCTS_DIR; };
		65838CBA2096202F00A9BB09 /* AppDelegate.swift */ = {isa = PBXFileReference; lastKnownFileType = sourcecode.swift; path = AppDelegate.swift; sourceTree = "<group>"; };
		65838CBF2096202F00A9BB09 /* Base */ = {isa = PBXFileReference; lastKnownFileType = file.storyboard; name = Base; path = Base.lproj/Main.storyboard; sourceTree = "<group>"; };
		65838CC12096202F00A9BB09 /* Assets.xcassets */ = {isa = PBXFileReference; lastKnownFileType = folder.assetcatalog; path = Assets.xcassets; sourceTree = "<group>"; };
		65838CC42096202F00A9BB09 /* Base */ = {isa = PBXFileReference; lastKnownFileType = file.storyboard; name = Base; path = Base.lproj/LaunchScreen.storyboard; sourceTree = "<group>"; };
		65838CC62096202F00A9BB09 /* Info.plist */ = {isa = PBXFileReference; lastKnownFileType = text.plist.xml; path = Info.plist; sourceTree = "<group>"; };
		65838CCE209629CC00A9BB09 /* MatchTableViewCell.swift */ = {isa = PBXFileReference; lastKnownFileType = sourcecode.swift; path = MatchTableViewCell.swift; sourceTree = "<group>"; };
		65838CD020962A5600A9BB09 /* MainViewController.swift */ = {isa = PBXFileReference; lastKnownFileType = sourcecode.swift; path = MainViewController.swift; sourceTree = "<group>"; };
		65EE137520967D3400EE72C8 /* MatchDetailViewController.swift */ = {isa = PBXFileReference; lastKnownFileType = sourcecode.swift; path = MatchDetailViewController.swift; sourceTree = "<group>"; };
		65EE13792096904800EE72C8 /* MatchDetailTableCell.swift */ = {isa = PBXFileReference; lastKnownFileType = sourcecode.swift; path = MatchDetailTableCell.swift; sourceTree = "<group>"; };
		65EE137C2097B4D000EE72C8 /* Team.swift */ = {isa = PBXFileReference; lastKnownFileType = sourcecode.swift; path = Team.swift; sourceTree = "<group>"; };
		65EE137E2098AAF300EE72C8 /* Stadium.swift */ = {isa = PBXFileReference; lastKnownFileType = sourcecode.swift; path = Stadium.swift; sourceTree = "<group>"; };
		65EE13802098AC4A00EE72C8 /* Match.swift */ = {isa = PBXFileReference; lastKnownFileType = sourcecode.swift; path = Match.swift; sourceTree = "<group>"; };
		65EE13822098AE4200EE72C8 /* HttpClient.swift */ = {isa = PBXFileReference; lastKnownFileType = sourcecode.swift; path = HttpClient.swift; sourceTree = "<group>"; };
		65EE13842098AF4400EE72C8 /* DataManager.swift */ = {isa = PBXFileReference; lastKnownFileType = sourcecode.swift; path = DataManager.swift; sourceTree = "<group>"; };
		65F92D58209BC3480089993E /* Player.swift */ = {isa = PBXFileReference; lastKnownFileType = sourcecode.swift; path = Player.swift; sourceTree = "<group>"; };
		65F92D5C209BD4E70089993E /* NextMatchCollectionViewCell.swift */ = {isa = PBXFileReference; lastKnownFileType = sourcecode.swift; path = NextMatchCollectionViewCell.swift; sourceTree = "<group>"; };
		65F92D5E209BDE910089993E /* NextMatch.swift */ = {isa = PBXFileReference; lastKnownFileType = sourcecode.swift; path = NextMatch.swift; sourceTree = "<group>"; };
/* End PBXFileReference section */

/* Begin PBXFrameworksBuildPhase section */
		65838CB42096202F00A9BB09 /* Frameworks */ = {
			isa = PBXFrameworksBuildPhase;
			buildActionMask = 2147483647;
			files = (
			);
			runOnlyForDeploymentPostprocessing = 0;
		};
/* End PBXFrameworksBuildPhase section */

/* Begin PBXGroup section */
		65838CAE2096202F00A9BB09 = {
			isa = PBXGroup;
			children = (
				65838CB92096202F00A9BB09 /* Obligatorio1 */,
				65838CB82096202F00A9BB09 /* Products */,
			);
			sourceTree = "<group>";
		};
		65838CB82096202F00A9BB09 /* Products */ = {
			isa = PBXGroup;
			children = (
				65838CB72096202F00A9BB09 /* Obligatorio1.app */,
			);
			name = Products;
			sourceTree = "<group>";
		};
		65838CB92096202F00A9BB09 /* Obligatorio1 */ = {
			isa = PBXGroup;
			children = (
				65838CCC2096296300A9BB09 /* src */,
				65838CBA2096202F00A9BB09 /* AppDelegate.swift */,
				65838CBE2096202F00A9BB09 /* Main.storyboard */,
				65838CC12096202F00A9BB09 /* Assets.xcassets */,
				65838CC32096202F00A9BB09 /* LaunchScreen.storyboard */,
				65838CC62096202F00A9BB09 /* Info.plist */,
			);
			path = Obligatorio1;
			sourceTree = "<group>";
		};
		65838CCC2096296300A9BB09 /* src */ = {
			isa = PBXGroup;
			children = (
				65EE137B2097A6ED00EE72C8 /* API */,
				65EE13742096730400EE72C8 /* Controller */,
				65838CCD2096296E00A9BB09 /* Model */,
			);
			path = src;
			sourceTree = "<group>";
		};
		65838CCD2096296E00A9BB09 /* Model */ = {
			isa = PBXGroup;
			children = (
				65EE137C2097B4D000EE72C8 /* Team.swift */,
				65EE137E2098AAF300EE72C8 /* Stadium.swift */,
				65EE13802098AC4A00EE72C8 /* Match.swift */,
				652755A12098F13600D31340 /* MatchEvent.swift */,
				65F92D58209BC3480089993E /* Player.swift */,
				65F92D5E209BDE910089993E /* NextMatch.swift */,
			);
			path = Model;
			sourceTree = "<group>";
		};
		65EE13742096730400EE72C8 /* Controller */ = {
			isa = PBXGroup;
			children = (
				65838CCE209629CC00A9BB09 /* MatchTableViewCell.swift */,
				65838CD020962A5600A9BB09 /* MainViewController.swift */,
				65EE137520967D3400EE72C8 /* MatchDetailViewController.swift */,
				65EE13792096904800EE72C8 /* MatchDetailTableCell.swift */,
				653B72E1209A94E10054D0C8 /* TeamDetailViewController.swift */,
				653B72E3209A96E90054D0C8 /* TeamDetailTableCell.swift */,
				65F92D5C209BD4E70089993E /* NextMatchCollectionViewCell.swift */,
			);
			path = Controller;
			sourceTree = "<group>";
		};
		65EE137B2097A6ED00EE72C8 /* API */ = {
			isa = PBXGroup;
			children = (
				65EE13822098AE4200EE72C8 /* HttpClient.swift */,
				65EE13842098AF4400EE72C8 /* DataManager.swift */,
			);
			path = API;
			sourceTree = "<group>";
		};
/* End PBXGroup section */

/* Begin PBXNativeTarget section */
		65838CB62096202F00A9BB09 /* Obligatorio1 */ = {
			isa = PBXNativeTarget;
			buildConfigurationList = 65838CC92096202F00A9BB09 /* Build configuration list for PBXNativeTarget "Obligatorio1" */;
			buildPhases = (
				65838CB32096202F00A9BB09 /* Sources */,
				65838CB42096202F00A9BB09 /* Frameworks */,
				65838CB52096202F00A9BB09 /* Resources */,
			);
			buildRules = (
			);
			dependencies = (
			);
			name = Obligatorio1;
			productName = Obligatorio1;
			productReference = 65838CB72096202F00A9BB09 /* Obligatorio1.app */;
			productType = "com.apple.product-type.application";
		};
/* End PBXNativeTarget section */

/* Begin PBXProject section */
		65838CAF2096202F00A9BB09 /* Project object */ = {
			isa = PBXProject;
			attributes = {
				LastSwiftUpdateCheck = 0920;
				LastUpgradeCheck = 0920;
				ORGANIZATIONNAME = "Daniel Vega";
				TargetAttributes = {
					65838CB62096202F00A9BB09 = {
						CreatedOnToolsVersion = 9.2;
						ProvisioningStyle = Automatic;
					};
				};
			};
			buildConfigurationList = 65838CB22096202F00A9BB09 /* Build configuration list for PBXProject "Obligatorio1" */;
			compatibilityVersion = "Xcode 8.0";
			developmentRegion = en;
			hasScannedForEncodings = 0;
			knownRegions = (
				en,
				Base,
			);
			mainGroup = 65838CAE2096202F00A9BB09;
			productRefGroup = 65838CB82096202F00A9BB09 /* Products */;
			projectDirPath = "";
			projectRoot = "";
			targets = (
				65838CB62096202F00A9BB09 /* Obligatorio1 */,
			);
		};
/* End PBXProject section */

/* Begin PBXResourcesBuildPhase section */
		65838CB52096202F00A9BB09 /* Resources */ = {
			isa = PBXResourcesBuildPhase;
			buildActionMask = 2147483647;
			files = (
				65838CC52096202F00A9BB09 /* LaunchScreen.storyboard in Resources */,
				65838CC22096202F00A9BB09 /* Assets.xcassets in Resources */,
				65838CC02096202F00A9BB09 /* Main.storyboard in Resources */,
			);
			runOnlyForDeploymentPostprocessing = 0;
		};
/* End PBXResourcesBuildPhase section */

/* Begin PBXSourcesBuildPhase section */
		65838CB32096202F00A9BB09 /* Sources */ = {
			isa = PBXSourcesBuildPhase;
			buildActionMask = 2147483647;
			files = (
				653B72E4209A96E90054D0C8 /* TeamDetailTableCell.swift in Sources */,
				65838CD120962A5600A9BB09 /* MainViewController.swift in Sources */,
				65EE13852098AF4400EE72C8 /* DataManager.swift in Sources */,
				65EE137F2098AAF300EE72C8 /* Stadium.swift in Sources */,
				65F92D59209BC3480089993E /* Player.swift in Sources */,
				65F92D5D209BD4E70089993E /* NextMatchCollectionViewCell.swift in Sources */,
				65F92D5F209BDE910089993E /* NextMatch.swift in Sources */,
				65EE137A2096904800EE72C8 /* MatchDetailTableCell.swift in Sources */,
				65EE13812098AC4A00EE72C8 /* Match.swift in Sources */,
				65EE13832098AE4200EE72C8 /* HttpClient.swift in Sources */,
				65EE137620967D3400EE72C8 /* MatchDetailViewController.swift in Sources */,
				65EE137D2097B4D000EE72C8 /* Team.swift in Sources */,
				65838CCF209629CC00A9BB09 /* MatchTableViewCell.swift in Sources */,
				65838CBB2096202F00A9BB09 /* AppDelegate.swift in Sources */,
				653B72E2209A94E10054D0C8 /* TeamDetailViewController.swift in Sources */,
				652755A22098F13600D31340 /* MatchEvent.swift in Sources */,
			);
			runOnlyForDeploymentPostprocessing = 0;
		};
/* End PBXSourcesBuildPhase section */

/* Begin PBXVariantGroup section */
		65838CBE2096202F00A9BB09 /* Main.storyboard */ = {
			isa = PBXVariantGroup;
			children = (
				65838CBF2096202F00A9BB09 /* Base */,
			);
			name = Main.storyboard;
			sourceTree = "<group>";
		};
		65838CC32096202F00A9BB09 /* LaunchScreen.storyboard */ = {
			isa = PBXVariantGroup;
			children = (
				65838CC42096202F00A9BB09 /* Base */,
			);
			name = LaunchScreen.storyboard;
			sourceTree = "<group>";
		};
/* End PBXVariantGroup section */

/* Begin XCBuildConfiguration section */
		65838CC72096202F00A9BB09 /* Debug */ = {
			isa = XCBuildConfiguration;
			buildSettings = {
				ALWAYS_SEARCH_USER_PATHS = NO;
				CLANG_ANALYZER_NONNULL = YES;
				CLANG_ANALYZER_NUMBER_OBJECT_CONVERSION = YES_AGGRESSIVE;
				CLANG_CXX_LANGUAGE_STANDARD = "gnu++14";
				CLANG_CXX_LIBRARY = "libc++";
				CLANG_ENABLE_MODULES = YES;
				CLANG_ENABLE_OBJC_ARC = YES;
				CLANG_WARN_BLOCK_CAPTURE_AUTORELEASING = YES;
				CLANG_WARN_BOOL_CONVERSION = YES;
				CLANG_WARN_COMMA = YES;
				CLANG_WARN_CONSTANT_CONVERSION = YES;
				CLANG_WARN_DIRECT_OBJC_ISA_USAGE = YES_ERROR;
				CLANG_WARN_DOCUMENTATION_COMMENTS = YES;
				CLANG_WARN_EMPTY_BODY = YES;
				CLANG_WARN_ENUM_CONVERSION = YES;
				CLANG_WARN_INFINITE_RECURSION = YES;
				CLANG_WARN_INT_CONVERSION = YES;
				CLANG_WARN_NON_LITERAL_NULL_CONVERSION = YES;
				CLANG_WARN_OBJC_LITERAL_CONVERSION = YES;
				CLANG_WARN_OBJC_ROOT_CLASS = YES_ERROR;
				CLANG_WARN_RANGE_LOOP_ANALYSIS = YES;
				CLANG_WARN_STRICT_PROTOTYPES = YES;
				CLANG_WARN_SUSPICIOUS_MOVE = YES;
				CLANG_WARN_UNGUARDED_AVAILABILITY = YES_AGGRESSIVE;
				CLANG_WARN_UNREACHABLE_CODE = YES;
				CLANG_WARN__DUPLICATE_METHOD_MATCH = YES;
				CODE_SIGN_IDENTITY = "iPhone Developer";
				COPY_PHASE_STRIP = NO;
				DEBUG_INFORMATION_FORMAT = dwarf;
				ENABLE_STRICT_OBJC_MSGSEND = YES;
				ENABLE_TESTABILITY = YES;
				GCC_C_LANGUAGE_STANDARD = gnu11;
				GCC_DYNAMIC_NO_PIC = NO;
				GCC_NO_COMMON_BLOCKS = YES;
				GCC_OPTIMIZATION_LEVEL = 0;
				GCC_PREPROCESSOR_DEFINITIONS = (
					"DEBUG=1",
					"$(inherited)",
				);
				GCC_WARN_64_TO_32_BIT_CONVERSION = YES;
				GCC_WARN_ABOUT_RETURN_TYPE = YES_ERROR;
				GCC_WARN_UNDECLARED_SELECTOR = YES;
				GCC_WARN_UNINITIALIZED_AUTOS = YES_AGGRESSIVE;
				GCC_WARN_UNUSED_FUNCTION = YES;
				GCC_WARN_UNUSED_VARIABLE = YES;
				IPHONEOS_DEPLOYMENT_TARGET = 11.2;
				MTL_ENABLE_DEBUG_INFO = YES;
				ONLY_ACTIVE_ARCH = YES;
				SDKROOT = iphoneos;
				SWIFT_ACTIVE_COMPILATION_CONDITIONS = DEBUG;
				SWIFT_OPTIMIZATION_LEVEL = "-Onone";
			};
			name = Debug;
		};
		65838CC82096202F00A9BB09 /* Release */ = {
			isa = XCBuildConfiguration;
			buildSettings = {
				ALWAYS_SEARCH_USER_PATHS = NO;
				CLANG_ANALYZER_NONNULL = YES;
				CLANG_ANALYZER_NUMBER_OBJECT_CONVERSION = YES_AGGRESSIVE;
				CLANG_CXX_LANGUAGE_STANDARD = "gnu++14";
				CLANG_CXX_LIBRARY = "libc++";
				CLANG_ENABLE_MODULES = YES;
				CLANG_ENABLE_OBJC_ARC = YES;
				CLANG_WARN_BLOCK_CAPTURE_AUTORELEASING = YES;
				CLANG_WARN_BOOL_CONVERSION = YES;
				CLANG_WARN_COMMA = YES;
				CLANG_WARN_CONSTANT_CONVERSION = YES;
				CLANG_WARN_DIRECT_OBJC_ISA_USAGE = YES_ERROR;
				CLANG_WARN_DOCUMENTATION_COMMENTS = YES;
				CLANG_WARN_EMPTY_BODY = YES;
				CLANG_WARN_ENUM_CONVERSION = YES;
				CLANG_WARN_INFINITE_RECURSION = YES;
				CLANG_WARN_INT_CONVERSION = YES;
				CLANG_WARN_NON_LITERAL_NULL_CONVERSION = YES;
				CLANG_WARN_OBJC_LITERAL_CONVERSION = YES;
				CLANG_WARN_OBJC_ROOT_CLASS = YES_ERROR;
				CLANG_WARN_RANGE_LOOP_ANALYSIS = YES;
				CLANG_WARN_STRICT_PROTOTYPES = YES;
				CLANG_WARN_SUSPICIOUS_MOVE = YES;
				CLANG_WARN_UNGUARDED_AVAILABILITY = YES_AGGRESSIVE;
				CLANG_WARN_UNREACHABLE_CODE = YES;
				CLANG_WARN__DUPLICATE_METHOD_MATCH = YES;
				CODE_SIGN_IDENTITY = "iPhone Developer";
				COPY_PHASE_STRIP = NO;
				DEBUG_INFORMATION_FORMAT = "dwarf-with-dsym";
				ENABLE_NS_ASSERTIONS = NO;
				ENABLE_STRICT_OBJC_MSGSEND = YES;
				GCC_C_LANGUAGE_STANDARD = gnu11;
				GCC_NO_COMMON_BLOCKS = YES;
				GCC_WARN_64_TO_32_BIT_CONVERSION = YES;
				GCC_WARN_ABOUT_RETURN_TYPE = YES_ERROR;
				GCC_WARN_UNDECLARED_SELECTOR = YES;
				GCC_WARN_UNINITIALIZED_AUTOS = YES_AGGRESSIVE;
				GCC_WARN_UNUSED_FUNCTION = YES;
				GCC_WARN_UNUSED_VARIABLE = YES;
				IPHONEOS_DEPLOYMENT_TARGET = 11.2;
				MTL_ENABLE_DEBUG_INFO = NO;
				SDKROOT = iphoneos;
				SWIFT_OPTIMIZATION_LEVEL = "-Owholemodule";
				VALIDATE_PRODUCT = YES;
			};
			name = Release;
		};
		65838CCA2096202F00A9BB09 /* Debug */ = {
			isa = XCBuildConfiguration;
			buildSettings = {
				ASSETCATALOG_COMPILER_APPICON_NAME = AppIcon;
				CODE_SIGN_STYLE = Automatic;
				DEVELOPMENT_TEAM = L58492B9SV;
				INFOPLIST_FILE = Obligatorio1/Info.plist;
				IPHONEOS_DEPLOYMENT_TARGET = 11.0;
				LD_RUNPATH_SEARCH_PATHS = "$(inherited) @executable_path/Frameworks";
				PRODUCT_BUNDLE_IDENTIFIER = dvega.Obligatorio1;
				PRODUCT_NAME = "$(TARGET_NAME)";
				SWIFT_VERSION = 4.0;
				TARGETED_DEVICE_FAMILY = "1,2";
			};
			name = Debug;
		};
		65838CCB2096202F00A9BB09 /* Release */ = {
			isa = XCBuildConfiguration;
			buildSettings = {
				ASSETCATALOG_COMPILER_APPICON_NAME = AppIcon;
				CODE_SIGN_STYLE = Automatic;
				DEVELOPMENT_TEAM = L58492B9SV;
				INFOPLIST_FILE = Obligatorio1/Info.plist;
				IPHONEOS_DEPLOYMENT_TARGET = 11.0;
				LD_RUNPATH_SEARCH_PATHS = "$(inherited) @executable_path/Frameworks";
				PRODUCT_BUNDLE_IDENTIFIER = dvega.Obligatorio1;
				PRODUCT_NAME = "$(TARGET_NAME)";
				SWIFT_VERSION = 4.0;
				TARGETED_DEVICE_FAMILY = "1,2";
			};
			name = Release;
		};
/* End XCBuildConfiguration section */

/* Begin XCConfigurationList section */
		65838CB22096202F00A9BB09 /* Build configuration list for PBXProject "Obligatorio1" */ = {
			isa = XCConfigurationList;
			buildConfigurations = (
				65838CC72096202F00A9BB09 /* Debug */,
				65838CC82096202F00A9BB09 /* Release */,
			);
			defaultConfigurationIsVisible = 0;
			defaultConfigurationName = Release;
		};
		65838CC92096202F00A9BB09 /* Build configuration list for PBXNativeTarget "Obligatorio1" */ = {
			isa = XCConfigurationList;
			buildConfigurations = (
				65838CCA2096202F00A9BB09 /* Debug */,
				65838CCB2096202F00A9BB09 /* Release */,
			);
			defaultConfigurationIsVisible = 0;
			defaultConfigurationName = Release;
		};
/* End XCConfigurationList section */
	};
	rootObject = 65838CAF2096202F00A9BB09 /* Project object */;
}
